
Microsoft Visual Studio Solution File, Format Version 12.00
# Visual Studio Version 17
VisualStudioVersion = 17.6.33829.357
MinimumVisualStudioVersion = 10.0.40219.1
Project("{9A19103F-16F7-4668-BE54-9A1E7A4F7556}") = "EvisMonitor", "EvisMonitor.csproj", "{0406E2FF-2D6F-4A99-B427-660E03BCA577}"
EndProject
Global
	GlobalSection(SolutionConfigurationPlatforms) = preSolution
		Debug|Any CPU = Debug|Any CPU
		Release|Any CPU = Release|Any CPU
	EndGlobalSection
	GlobalSection(ProjectConfigurationPlatforms) = postSolution
		{0406E2FF-2D6F-4A99-B427-660E03BCA577}.Debug|Any CPU.ActiveCfg = Debug|Any CPU
		{0406E2FF-2D6F-4A99-B427-660E03BCA577}.Debug|Any CPU.Build.0 = Debug|Any CPU
		{0406E2FF-2D6F-4A99-B427-660E03BCA577}.Release|Any CPU.ActiveCfg = Release|Any CPU
		{0406E2FF-2D6F-4A99-B427-660E03BCA577}.Release|Any CPU.Build.0 = Release|Any CPU
	EndGlobalSection
	GlobalSection(SolutionProperties) = preSolution
		HideSolutionNode = FALSE
	EndGlobalSection
	GlobalSection(ExtensibilityGlobals) = postSolution
		SolutionGuid = {CE210D62-5FB6-4193-BBFC-0EFF7458E5B7}
	EndGlobalSection
EndGlobal
